
Microsoft Visual Studio Solution File, Format Version 12.00
# Visual Studio Version 16
VisualStudioVersion = 16.0.30309.148
MinimumVisualStudioVersion = 10.0.40219.1
Project("{FAE04EC0-301F-11D3-BF4B-00C04F79EFBC}") = "самообучение", "самообучение.csproj", "{10C68604-D9FD-4118-923D-6F4DAE356B03}"
EndProject
Global
	GlobalSection(SolutionConfigurationPlatforms) = preSolution
		Debug|Any CPU = Debug|Any CPU
		Release|Any CPU = Release|Any CPU
	EndGlobalSection
	GlobalSection(ProjectConfigurationPlatforms) = postSolution
		{10C68604-D9FD-4118-923D-6F4DAE356B03}.Debug|Any CPU.ActiveCfg = Debug|Any CPU
		{10C68604-D9FD-4118-923D-6F4DAE356B03}.Debug|Any CPU.Build.0 = Debug|Any CPU
		{10C68604-D9FD-4118-923D-6F4DAE356B03}.Release|Any CPU.ActiveCfg = Release|Any CPU
		{10C68604-D9FD-4118-923D-6F4DAE356B03}.Release|Any CPU.Build.0 = Release|Any CPU
	EndGlobalSection
	GlobalSection(SolutionProperties) = preSolution
		HideSolutionNode = FALSE
	EndGlobalSection
	GlobalSection(ExtensibilityGlobals) = postSolution
		SolutionGuid = {D59DCC71-8BAB-488F-9CC9-0A30B1043E9E}
	EndGlobalSection
EndGlobal
